
Microsoft Visual Studio Solution File, Format Version 12.00
# Visual Studio Version 17
VisualStudioVersion = 17.8.34511.84
MinimumVisualStudioVersion = 10.0.40219.1
Project("{FAE04EC0-301F-11D3-BF4B-00C04F79EFBC}") = "Activity18.RpgGame", "Activity18.RpgGame\Activity18.RpgGame.csproj", "{A933ACAF-00C9-46C0-85C3-6CF4BB527722}"
EndProject
Global
	GlobalSection(SolutionConfigurationPlatforms) = preSolution
		Debug|Any CPU = Debug|Any CPU
		Release|Any CPU = Release|Any CPU
	EndGlobalSection
	GlobalSection(ProjectConfigurationPlatforms) = postSolution
		{A933ACAF-00C9-46C0-85C3-6CF4BB527722}.Debug|Any CPU.ActiveCfg = Debug|Any CPU
		{A933ACAF-00C9-46C0-85C3-6CF4BB527722}.Debug|Any CPU.Build.0 = Debug|Any CPU
		{A933ACAF-00C9-46C0-85C3-6CF4BB527722}.Release|Any CPU.ActiveCfg = Release|Any CPU
		{A933ACAF-00C9-46C0-85C3-6CF4BB527722}.Release|Any CPU.Build.0 = Release|Any CPU
	EndGlobalSection
	GlobalSection(SolutionProperties) = preSolution
		HideSolutionNode = FALSE
	EndGlobalSection
	GlobalSection(ExtensibilityGlobals) = postSolution
		SolutionGuid = {331C5F6C-DBF9-47EB-B268-7A8746FED55B}
	EndGlobalSection
EndGlobal
